// !$*UTF8*$!
{
	archiveVersion = 1;
	classes = {
	};
	objectVersion = 56;
	objects = {

/* Begin PBXBuildFile section */
		EB15531C2AE5A94A00D2ADBA /* CoreDataRelationshipsBootcamp.swift in Sources */ = {isa = PBXBuildFile; fileRef = EB15531B2AE5A94A00D2ADBA /* CoreDataRelationshipsBootcamp.swift */; };
		EB15531F2AE5BAE600D2ADBA /* CoreDataContainer.xcdatamodeld in Sources */ = {isa = PBXBuildFile; fileRef = EB15531D2AE5BAE600D2ADBA /* CoreDataContainer.xcdatamodeld */; };
		EB1C410A2AE1A965004D7966 /* tada.mp3 in Resources */ = {isa = PBXBuildFile; fileRef = EB1C41092AE1A965004D7966 /* tada.mp3 */; };
		EB1C410C2AE1A98D004D7966 /* badum.mp3 in Resources */ = {isa = PBXBuildFile; fileRef = EB1C410B2AE1A98D004D7966 /* badum.mp3 */; };
		EB22F2E92AE568D700B48A9E /* FruitsContainer.xcdatamodeld in Sources */ = {isa = PBXBuildFile; fileRef = EB22F2E72AE568D700B48A9E /* FruitsContainer.xcdatamodeld */; };
		EB258AB62AE726440031B240 /* TypealiasBootcamp.swift in Sources */ = {isa = PBXBuildFile; fileRef = EB258AB52AE726440031B240 /* TypealiasBootcamp.swift */; };
		EB35264B2AE7BD5300D4A40C /* EscapingBootcamp.swift in Sources */ = {isa = PBXBuildFile; fileRef = EB35264A2AE7BD5300D4A40C /* EscapingBootcamp.swift */; };
		EB35264D2AE7F65E00D4A40C /* CodableBootcamp.swift in Sources */ = {isa = PBXBuildFile; fileRef = EB35264C2AE7F65E00D4A40C /* CodableBootcamp.swift */; };
		EB3D4EAE2AE031C30091FB37 /* SwiftUIContinuedLearningApp.swift in Sources */ = {isa = PBXBuildFile; fileRef = EB3D4EAD2AE031C30091FB37 /* SwiftUIContinuedLearningApp.swift */; };
		EB3D4EB22AE031C40091FB37 /* Assets.xcassets in Resources */ = {isa = PBXBuildFile; fileRef = EB3D4EB12AE031C40091FB37 /* Assets.xcassets */; };
		EB3D4EB52AE031C40091FB37 /* Preview Assets.xcassets in Resources */ = {isa = PBXBuildFile; fileRef = EB3D4EB42AE031C40091FB37 /* Preview Assets.xcassets */; };
		EB3D4EBC2AE032390091FB37 /* LongPressGestureBootcamp.swift in Sources */ = {isa = PBXBuildFile; fileRef = EB3D4EBB2AE032390091FB37 /* LongPressGestureBootcamp.swift */; };
		EB3D4EBF2AE03C900091FB37 /* MagnificationGestureBootcamp.swift in Sources */ = {isa = PBXBuildFile; fileRef = EB3D4EBE2AE03C900091FB37 /* MagnificationGestureBootcamp.swift */; };
		EB4E563B2AE1747E00D802BC /* MultipleSheetsBootcamp.swift in Sources */ = {isa = PBXBuildFile; fileRef = EB4E563A2AE1747E00D802BC /* MultipleSheetsBootcamp.swift */; };
		EB6146582AE1870E003068DB /* MaskBootcamp.swift in Sources */ = {isa = PBXBuildFile; fileRef = EB6146572AE1870E003068DB /* MaskBootcamp.swift */; };
		EB61465A2AE18FCB003068DB /* SoundsBootcamp.swift in Sources */ = {isa = PBXBuildFile; fileRef = EB6146592AE18FCB003068DB /* SoundsBootcamp.swift */; };
		EB76F0582AE7127B00AFA48F /* WeakSelfBootcamp.swift in Sources */ = {isa = PBXBuildFile; fileRef = EB76F0572AE7127B00AFA48F /* WeakSelfBootcamp.swift */; };
		EB776B172AE11A6100E07143 /* DragGestureBootcamp2.swift in Sources */ = {isa = PBXBuildFile; fileRef = EB776B162AE11A6100E07143 /* DragGestureBootcamp2.swift */; };
		EB776B1B2AE1428900E07143 /* ScrollViewReaderBootcamp.swift in Sources */ = {isa = PBXBuildFile; fileRef = EB776B1A2AE1428900E07143 /* ScrollViewReaderBootcamp.swift */; };
		EB9106BC2AE6D5D600DC9099 /* BackgroundThreadBootcamp.swift in Sources */ = {isa = PBXBuildFile; fileRef = EB9106BB2AE6D5D600DC9099 /* BackgroundThreadBootcamp.swift */; };
		EBB7AF502AE2E24A001E05FB /* ArraysBootcamp.swift in Sources */ = {isa = PBXBuildFile; fileRef = EBB7AF4F2AE2E24A001E05FB /* ArraysBootcamp.swift */; };
		EBB7DFF32AE1555E000F2608 /* GeometryReaderBootcamp.swift in Sources */ = {isa = PBXBuildFile; fileRef = EBB7DFF22AE1555E000F2608 /* GeometryReaderBootcamp.swift */; };
		EBB947862AE2A6AC0012A5D6 /* LocalNotificationBootcamp.swift in Sources */ = {isa = PBXBuildFile; fileRef = EBB947852AE2A6AC0012A5D6 /* LocalNotificationBootcamp.swift */; };
		EBB947882AE2B9230012A5D6 /* HashableBootcamp.swift in Sources */ = {isa = PBXBuildFile; fileRef = EBB947872AE2B9230012A5D6 /* HashableBootcamp.swift */; };
		EBBCC7332AE1F29800031372 /* HapticsBootcamp.swift in Sources */ = {isa = PBXBuildFile; fileRef = EBBCC7322AE1F29800031372 /* HapticsBootcamp.swift */; };
		EBC8148B2AE0658100DB3466 /* RotationGestureBootcamp.swift in Sources */ = {isa = PBXBuildFile; fileRef = EBC8148A2AE0658100DB3466 /* RotationGestureBootcamp.swift */; };
		EBC8148D2AE0793700DB3466 /* DragGestureBootcamp.swift in Sources */ = {isa = PBXBuildFile; fileRef = EBC8148C2AE0793700DB3466 /* DragGestureBootcamp.swift */; };
		EBD140A72AE543B000B516FC /* CoreDataBootcamp.swift in Sources */ = {isa = PBXBuildFile; fileRef = EBD140A62AE543AF00B516FC /* CoreDataBootcamp.swift */; };
/* End PBXBuildFile section */

/* Begin PBXFileReference section */
		EB15531B2AE5A94A00D2ADBA /* CoreDataRelationshipsBootcamp.swift */ = {isa = PBXFileReference; lastKnownFileType = sourcecode.swift; path = CoreDataRelationshipsBootcamp.swift; sourceTree = "<group>"; };
		EB15531E2AE5BAE600D2ADBA /* CoreDataContainer.xcdatamodel */ = {isa = PBXFileReference; lastKnownFileType = wrapper.xcdatamodel; path = CoreDataContainer.xcdatamodel; sourceTree = "<group>"; };
		EB1C41092AE1A965004D7966 /* tada.mp3 */ = {isa = PBXFileReference; lastKnownFileType = audio.mp3; path = tada.mp3; sourceTree = "<group>"; };
		EB1C410B2AE1A98D004D7966 /* badum.mp3 */ = {isa = PBXFileReference; lastKnownFileType = audio.mp3; path = badum.mp3; sourceTree = "<group>"; };
		EB22F2E82AE568D700B48A9E /* FruitsContainer.xcdatamodel */ = {isa = PBXFileReference; lastKnownFileType = wrapper.xcdatamodel; path = FruitsContainer.xcdatamodel; sourceTree = "<group>"; };
		EB258AB52AE726440031B240 /* TypealiasBootcamp.swift */ = {isa = PBXFileReference; lastKnownFileType = sourcecode.swift; path = TypealiasBootcamp.swift; sourceTree = "<group>"; };
		EB35264A2AE7BD5300D4A40C /* EscapingBootcamp.swift */ = {isa = PBXFileReference; lastKnownFileType = sourcecode.swift; path = EscapingBootcamp.swift; sourceTree = "<group>"; };
		EB35264C2AE7F65E00D4A40C /* CodableBootcamp.swift */ = {isa = PBXFileReference; lastKnownFileType = sourcecode.swift; path = CodableBootcamp.swift; sourceTree = "<group>"; };
		EB3D4EAA2AE031C30091FB37 /* SwiftUIContinuedLearning.app */ = {isa = PBXFileReference; explicitFileType = wrapper.application; includeInIndex = 0; path = SwiftUIContinuedLearning.app; sourceTree = BUILT_PRODUCTS_DIR; };
		EB3D4EAD2AE031C30091FB37 /* SwiftUIContinuedLearningApp.swift */ = {isa = PBXFileReference; lastKnownFileType = sourcecode.swift; path = SwiftUIContinuedLearningApp.swift; sourceTree = "<group>"; };
		EB3D4EB12AE031C40091FB37 /* Assets.xcassets */ = {isa = PBXFileReference; lastKnownFileType = folder.assetcatalog; path = Assets.xcassets; sourceTree = "<group>"; };
		EB3D4EB42AE031C40091FB37 /* Preview Assets.xcassets */ = {isa = PBXFileReference; lastKnownFileType = folder.assetcatalog; path = "Preview Assets.xcassets"; sourceTree = "<group>"; };
		EB3D4EBB2AE032390091FB37 /* LongPressGestureBootcamp.swift */ = {isa = PBXFileReference; lastKnownFileType = sourcecode.swift; path = LongPressGestureBootcamp.swift; sourceTree = "<group>"; };
		EB3D4EBE2AE03C900091FB37 /* MagnificationGestureBootcamp.swift */ = {isa = PBXFileReference; lastKnownFileType = sourcecode.swift; path = MagnificationGestureBootcamp.swift; sourceTree = "<group>"; };
		EB4E563A2AE1747E00D802BC /* MultipleSheetsBootcamp.swift */ = {isa = PBXFileReference; lastKnownFileType = sourcecode.swift; path = MultipleSheetsBootcamp.swift; sourceTree = "<group>"; };
		EB6146572AE1870E003068DB /* MaskBootcamp.swift */ = {isa = PBXFileReference; lastKnownFileType = sourcecode.swift; path = MaskBootcamp.swift; sourceTree = "<group>"; };
		EB6146592AE18FCB003068DB /* SoundsBootcamp.swift */ = {isa = PBXFileReference; lastKnownFileType = sourcecode.swift; path = SoundsBootcamp.swift; sourceTree = "<group>"; };
		EB76F0572AE7127B00AFA48F /* WeakSelfBootcamp.swift */ = {isa = PBXFileReference; lastKnownFileType = sourcecode.swift; path = WeakSelfBootcamp.swift; sourceTree = "<group>"; };
		EB776B162AE11A6100E07143 /* DragGestureBootcamp2.swift */ = {isa = PBXFileReference; lastKnownFileType = sourcecode.swift; path = DragGestureBootcamp2.swift; sourceTree = "<group>"; };
		EB776B1A2AE1428900E07143 /* ScrollViewReaderBootcamp.swift */ = {isa = PBXFileReference; lastKnownFileType = sourcecode.swift; path = ScrollViewReaderBootcamp.swift; sourceTree = "<group>"; };
		EB9106BB2AE6D5D600DC9099 /* BackgroundThreadBootcamp.swift */ = {isa = PBXFileReference; lastKnownFileType = sourcecode.swift; path = BackgroundThreadBootcamp.swift; sourceTree = "<group>"; };
		EBB7AF4F2AE2E24A001E05FB /* ArraysBootcamp.swift */ = {isa = PBXFileReference; lastKnownFileType = sourcecode.swift; path = ArraysBootcamp.swift; sourceTree = "<group>"; };
		EBB7DFF22AE1555E000F2608 /* GeometryReaderBootcamp.swift */ = {isa = PBXFileReference; lastKnownFileType = sourcecode.swift; path = GeometryReaderBootcamp.swift; sourceTree = "<group>"; };
		EBB947852AE2A6AC0012A5D6 /* LocalNotificationBootcamp.swift */ = {isa = PBXFileReference; lastKnownFileType = sourcecode.swift; path = LocalNotificationBootcamp.swift; sourceTree = "<group>"; };
		EBB947872AE2B9230012A5D6 /* HashableBootcamp.swift */ = {isa = PBXFileReference; lastKnownFileType = sourcecode.swift; path = HashableBootcamp.swift; sourceTree = "<group>"; };
		EBBCC7322AE1F29800031372 /* HapticsBootcamp.swift */ = {isa = PBXFileReference; lastKnownFileType = sourcecode.swift; path = HapticsBootcamp.swift; sourceTree = "<group>"; };
		EBC8148A2AE0658100DB3466 /* RotationGestureBootcamp.swift */ = {isa = PBXFileReference; lastKnownFileType = sourcecode.swift; path = RotationGestureBootcamp.swift; sourceTree = "<group>"; };
		EBC8148C2AE0793700DB3466 /* DragGestureBootcamp.swift */ = {isa = PBXFileReference; lastKnownFileType = sourcecode.swift; path = DragGestureBootcamp.swift; sourceTree = "<group>"; };
		EBD140A62AE543AF00B516FC /* CoreDataBootcamp.swift */ = {isa = PBXFileReference; lastKnownFileType = sourcecode.swift; path = CoreDataBootcamp.swift; sourceTree = "<group>"; };
/* End PBXFileReference section */

/* Begin PBXFrameworksBuildPhase section */
		EB3D4EA72AE031C30091FB37 /* Frameworks */ = {
			isa = PBXFrameworksBuildPhase;
			buildActionMask = 2147483647;
			files = (
			);
			runOnlyForDeploymentPostprocessing = 0;
		};
/* End PBXFrameworksBuildPhase section */

/* Begin PBXGroup section */
		EB1C41082AE1A955004D7966 /* Sound */ = {
			isa = PBXGroup;
			children = (
				EB1C41092AE1A965004D7966 /* tada.mp3 */,
				EB1C410B2AE1A98D004D7966 /* badum.mp3 */,
			);
			path = Sound;
			sourceTree = "<group>";
		};
		EB3D4EA12AE031C30091FB37 = {
			isa = PBXGroup;
			children = (
				EB3D4EAC2AE031C30091FB37 /* SwiftUIContinuedLearning */,
				EB3D4EAB2AE031C30091FB37 /* Products */,
			);
			sourceTree = "<group>";
		};
		EB3D4EAB2AE031C30091FB37 /* Products */ = {
			isa = PBXGroup;
			children = (
				EB3D4EAA2AE031C30091FB37 /* SwiftUIContinuedLearning.app */,
			);
			name = Products;
			sourceTree = "<group>";
		};
		EB3D4EAC2AE031C30091FB37 /* SwiftUIContinuedLearning */ = {
			isa = PBXGroup;
			children = (
				EB3D4EAD2AE031C30091FB37 /* SwiftUIContinuedLearningApp.swift */,
				EB1C41082AE1A955004D7966 /* Sound */,
				EB3D4EBD2AE032420091FB37 /* Contents */,
				EB3D4EB12AE031C40091FB37 /* Assets.xcassets */,
				EB3D4EB32AE031C40091FB37 /* Preview Content */,
			);
			path = SwiftUIContinuedLearning;
			sourceTree = "<group>";
		};
		EB3D4EB32AE031C40091FB37 /* Preview Content */ = {
			isa = PBXGroup;
			children = (
				EB3D4EB42AE031C40091FB37 /* Preview Assets.xcassets */,
			);
			path = "Preview Content";
			sourceTree = "<group>";
		};
		EB3D4EBD2AE032420091FB37 /* Contents */ = {
			isa = PBXGroup;
			children = (
				EB3D4EBB2AE032390091FB37 /* LongPressGestureBootcamp.swift */,
				EB3D4EBE2AE03C900091FB37 /* MagnificationGestureBootcamp.swift */,
				EBC8148A2AE0658100DB3466 /* RotationGestureBootcamp.swift */,
				EBC8148C2AE0793700DB3466 /* DragGestureBootcamp.swift */,
				EB776B162AE11A6100E07143 /* DragGestureBootcamp2.swift */,
				EB776B1A2AE1428900E07143 /* ScrollViewReaderBootcamp.swift */,
				EBB7DFF22AE1555E000F2608 /* GeometryReaderBootcamp.swift */,
				EB4E563A2AE1747E00D802BC /* MultipleSheetsBootcamp.swift */,
				EB6146572AE1870E003068DB /* MaskBootcamp.swift */,
				EB6146592AE18FCB003068DB /* SoundsBootcamp.swift */,
				EBBCC7322AE1F29800031372 /* HapticsBootcamp.swift */,
				EBB947852AE2A6AC0012A5D6 /* LocalNotificationBootcamp.swift */,
				EBB947872AE2B9230012A5D6 /* HashableBootcamp.swift */,
				EBB7AF4F2AE2E24A001E05FB /* ArraysBootcamp.swift */,
				EBD140A62AE543AF00B516FC /* CoreDataBootcamp.swift */,
				EB22F2E72AE568D700B48A9E /* FruitsContainer.xcdatamodeld */,
				EB15531B2AE5A94A00D2ADBA /* CoreDataRelationshipsBootcamp.swift */,
				EB15531D2AE5BAE600D2ADBA /* CoreDataContainer.xcdatamodeld */,
				EB9106BB2AE6D5D600DC9099 /* BackgroundThreadBootcamp.swift */,
				EB76F0572AE7127B00AFA48F /* WeakSelfBootcamp.swift */,
				EB258AB52AE726440031B240 /* TypealiasBootcamp.swift */,
				EB35264A2AE7BD5300D4A40C /* EscapingBootcamp.swift */,
				EB35264C2AE7F65E00D4A40C /* CodableBootcamp.swift */,
			);
			path = Contents;
			sourceTree = "<group>";
		};
/* End PBXGroup section */

/* Begin PBXNativeTarget section */
		EB3D4EA92AE031C30091FB37 /* SwiftUIContinuedLearning */ = {
			isa = PBXNativeTarget;
			buildConfigurationList = EB3D4EB82AE031C40091FB37 /* Build configuration list for PBXNativeTarget "SwiftUIContinuedLearning" */;
			buildPhases = (
				EB3D4EA62AE031C30091FB37 /* Sources */,
				EB3D4EA72AE031C30091FB37 /* Frameworks */,
				EB3D4EA82AE031C30091FB37 /* Resources */,
			);
			buildRules = (
			);
			dependencies = (
			);
			name = SwiftUIContinuedLearning;
			productName = SwiftUIContinuedLearning;
			productReference = EB3D4EAA2AE031C30091FB37 /* SwiftUIContinuedLearning.app */;
			productType = "com.apple.product-type.application";
		};
/* End PBXNativeTarget section */

/* Begin PBXProject section */
		EB3D4EA22AE031C30091FB37 /* Project object */ = {
			isa = PBXProject;
			attributes = {
				BuildIndependentTargetsInParallel = 1;
				LastSwiftUpdateCheck = 1500;
				LastUpgradeCheck = 1500;
				TargetAttributes = {
					EB3D4EA92AE031C30091FB37 = {
						CreatedOnToolsVersion = 15.0;
					};
				};
			};
			buildConfigurationList = EB3D4EA52AE031C30091FB37 /* Build configuration list for PBXProject "SwiftUIContinuedLearning" */;
			compatibilityVersion = "Xcode 14.0";
			developmentRegion = en;
			hasScannedForEncodings = 0;
			knownRegions = (
				en,
				Base,
			);
			mainGroup = EB3D4EA12AE031C30091FB37;
			productRefGroup = EB3D4EAB2AE031C30091FB37 /* Products */;
			projectDirPath = "";
			projectRoot = "";
			targets = (
				EB3D4EA92AE031C30091FB37 /* SwiftUIContinuedLearning */,
			);
		};
/* End PBXProject section */

/* Begin PBXResourcesBuildPhase section */
		EB3D4EA82AE031C30091FB37 /* Resources */ = {
			isa = PBXResourcesBuildPhase;
			buildActionMask = 2147483647;
			files = (
				EB1C410C2AE1A98D004D7966 /* badum.mp3 in Resources */,
				EB3D4EB52AE031C40091FB37 /* Preview Assets.xcassets in Resources */,
				EB3D4EB22AE031C40091FB37 /* Assets.xcassets in Resources */,
				EB1C410A2AE1A965004D7966 /* tada.mp3 in Resources */,
			);
			runOnlyForDeploymentPostprocessing = 0;
		};
/* End PBXResourcesBuildPhase section */

/* Begin PBXSourcesBuildPhase section */
		EB3D4EA62AE031C30091FB37 /* Sources */ = {
			isa = PBXSourcesBuildPhase;
			buildActionMask = 2147483647;
			files = (
				EB6146582AE1870E003068DB /* MaskBootcamp.swift in Sources */,
				EBBCC7332AE1F29800031372 /* HapticsBootcamp.swift in Sources */,
				EB22F2E92AE568D700B48A9E /* FruitsContainer.xcdatamodeld in Sources */,
				EBB7AF502AE2E24A001E05FB /* ArraysBootcamp.swift in Sources */,
				EBC8148B2AE0658100DB3466 /* RotationGestureBootcamp.swift in Sources */,
				EB3D4EBF2AE03C900091FB37 /* MagnificationGestureBootcamp.swift in Sources */,
				EB3D4EBC2AE032390091FB37 /* LongPressGestureBootcamp.swift in Sources */,
				EBB7DFF32AE1555E000F2608 /* GeometryReaderBootcamp.swift in Sources */,
				EBB947882AE2B9230012A5D6 /* HashableBootcamp.swift in Sources */,
				EB258AB62AE726440031B240 /* TypealiasBootcamp.swift in Sources */,
				EB776B172AE11A6100E07143 /* DragGestureBootcamp2.swift in Sources */,
				EBD140A72AE543B000B516FC /* CoreDataBootcamp.swift in Sources */,
				EB61465A2AE18FCB003068DB /* SoundsBootcamp.swift in Sources */,
				EB76F0582AE7127B00AFA48F /* WeakSelfBootcamp.swift in Sources */,
				EB3D4EAE2AE031C30091FB37 /* SwiftUIContinuedLearningApp.swift in Sources */,
				EB15531F2AE5BAE600D2ADBA /* CoreDataContainer.xcdatamodeld in Sources */,
				EB9106BC2AE6D5D600DC9099 /* BackgroundThreadBootcamp.swift in Sources */,
				EBC8148D2AE0793700DB3466 /* DragGestureBootcamp.swift in Sources */,
				EB776B1B2AE1428900E07143 /* ScrollViewReaderBootcamp.swift in Sources */,
				EB15531C2AE5A94A00D2ADBA /* CoreDataRelationshipsBootcamp.swift in Sources */,
				EB35264B2AE7BD5300D4A40C /* EscapingBootcamp.swift in Sources */,
				EB4E563B2AE1747E00D802BC /* MultipleSheetsBootcamp.swift in Sources */,
				EBB947862AE2A6AC0012A5D6 /* LocalNotificationBootcamp.swift in Sources */,
				EB35264D2AE7F65E00D4A40C /* CodableBootcamp.swift in Sources */,
			);
			runOnlyForDeploymentPostprocessing = 0;
		};
/* End PBXSourcesBuildPhase section */

/* Begin XCBuildConfiguration section */
		EB3D4EB62AE031C40091FB37 /* Debug */ = {
			isa = XCBuildConfiguration;
			buildSettings = {
				ALWAYS_SEARCH_USER_PATHS = NO;
				ASSETCATALOG_COMPILER_GENERATE_SWIFT_ASSET_SYMBOL_EXTENSIONS = YES;
				CLANG_ANALYZER_NONNULL = YES;
				CLANG_ANALYZER_NUMBER_OBJECT_CONVERSION = YES_AGGRESSIVE;
				CLANG_CXX_LANGUAGE_STANDARD = "gnu++20";
				CLANG_ENABLE_MODULES = YES;
				CLANG_ENABLE_OBJC_ARC = YES;
				CLANG_ENABLE_OBJC_WEAK = YES;
				CLANG_WARN_BLOCK_CAPTURE_AUTORELEASING = YES;
				CLANG_WARN_BOOL_CONVERSION = YES;
				CLANG_WARN_COMMA = YES;
				CLANG_WARN_CONSTANT_CONVERSION = YES;
				CLANG_WARN_DEPRECATED_OBJC_IMPLEMENTATIONS = YES;
				CLANG_WARN_DIRECT_OBJC_ISA_USAGE = YES_ERROR;
				CLANG_WARN_DOCUMENTATION_COMMENTS = YES;
				CLANG_WARN_EMPTY_BODY = YES;
				CLANG_WARN_ENUM_CONVERSION = YES;
				CLANG_WARN_INFINITE_RECURSION = YES;
				CLANG_WARN_INT_CONVERSION = YES;
				CLANG_WARN_NON_LITERAL_NULL_CONVERSION = YES;
				CLANG_WARN_OBJC_IMPLICIT_RETAIN_SELF = YES;
				CLANG_WARN_OBJC_LITERAL_CONVERSION = YES;
				CLANG_WARN_OBJC_ROOT_CLASS = YES_ERROR;
				CLANG_WARN_QUOTED_INCLUDE_IN_FRAMEWORK_HEADER = YES;
				CLANG_WARN_RANGE_LOOP_ANALYSIS = YES;
				CLANG_WARN_STRICT_PROTOTYPES = YES;
				CLANG_WARN_SUSPICIOUS_MOVE = YES;
				CLANG_WARN_UNGUARDED_AVAILABILITY = YES_AGGRESSIVE;
				CLANG_WARN_UNREACHABLE_CODE = YES;
				CLANG_WARN__DUPLICATE_METHOD_MATCH = YES;
				COPY_PHASE_STRIP = NO;
				DEBUG_INFORMATION_FORMAT = dwarf;
				ENABLE_STRICT_OBJC_MSGSEND = YES;
				ENABLE_TESTABILITY = YES;
				ENABLE_USER_SCRIPT_SANDBOXING = YES;
				GCC_C_LANGUAGE_STANDARD = gnu17;
				GCC_DYNAMIC_NO_PIC = NO;
				GCC_NO_COMMON_BLOCKS = YES;
				GCC_OPTIMIZATION_LEVEL = 0;
				GCC_PREPROCESSOR_DEFINITIONS = (
					"DEBUG=1",
					"$(inherited)",
				);
				GCC_WARN_64_TO_32_BIT_CONVERSION = YES;
				GCC_WARN_ABOUT_RETURN_TYPE = YES_ERROR;
				GCC_WARN_UNDECLARED_SELECTOR = YES;
				GCC_WARN_UNINITIALIZED_AUTOS = YES_AGGRESSIVE;
				GCC_WARN_UNUSED_FUNCTION = YES;
				GCC_WARN_UNUSED_VARIABLE = YES;
				IPHONEOS_DEPLOYMENT_TARGET = 17.0;
				LOCALIZATION_PREFERS_STRING_CATALOGS = YES;
				MTL_ENABLE_DEBUG_INFO = INCLUDE_SOURCE;
				MTL_FAST_MATH = YES;
				ONLY_ACTIVE_ARCH = YES;
				SDKROOT = iphoneos;
				SWIFT_ACTIVE_COMPILATION_CONDITIONS = "DEBUG $(inherited)";
				SWIFT_OPTIMIZATION_LEVEL = "-Onone";
			};
			name = Debug;
		};
		EB3D4EB72AE031C40091FB37 /* Release */ = {
			isa = XCBuildConfiguration;
			buildSettings = {
				ALWAYS_SEARCH_USER_PATHS = NO;
				ASSETCATALOG_COMPILER_GENERATE_SWIFT_ASSET_SYMBOL_EXTENSIONS = YES;
				CLANG_ANALYZER_NONNULL = YES;
				CLANG_ANALYZER_NUMBER_OBJECT_CONVERSION = YES_AGGRESSIVE;
				CLANG_CXX_LANGUAGE_STANDARD = "gnu++20";
				CLANG_ENABLE_MODULES = YES;
				CLANG_ENABLE_OBJC_ARC = YES;
				CLANG_ENABLE_OBJC_WEAK = YES;
				CLANG_WARN_BLOCK_CAPTURE_AUTORELEASING = YES;
				CLANG_WARN_BOOL_CONVERSION = YES;
				CLANG_WARN_COMMA = YES;
				CLANG_WARN_CONSTANT_CONVERSION = YES;
				CLANG_WARN_DEPRECATED_OBJC_IMPLEMENTATIONS = YES;
				CLANG_WARN_DIRECT_OBJC_ISA_USAGE = YES_ERROR;
				CLANG_WARN_DOCUMENTATION_COMMENTS = YES;
				CLANG_WARN_EMPTY_BODY = YES;
				CLANG_WARN_ENUM_CONVERSION = YES;
				CLANG_WARN_INFINITE_RECURSION = YES;
				CLANG_WARN_INT_CONVERSION = YES;
				CLANG_WARN_NON_LITERAL_NULL_CONVERSION = YES;
				CLANG_WARN_OBJC_IMPLICIT_RETAIN_SELF = YES;
				CLANG_WARN_OBJC_LITERAL_CONVERSION = YES;
				CLANG_WARN_OBJC_ROOT_CLASS = YES_ERROR;
				CLANG_WARN_QUOTED_INCLUDE_IN_FRAMEWORK_HEADER = YES;
				CLANG_WARN_RANGE_LOOP_ANALYSIS = YES;
				CLANG_WARN_STRICT_PROTOTYPES = YES;
				CLANG_WARN_SUSPICIOUS_MOVE = YES;
				CLANG_WARN_UNGUARDED_AVAILABILITY = YES_AGGRESSIVE;
				CLANG_WARN_UNREACHABLE_CODE = YES;
				CLANG_WARN__DUPLICATE_METHOD_MATCH = YES;
				COPY_PHASE_STRIP = NO;
				DEBUG_INFORMATION_FORMAT = "dwarf-with-dsym";
				ENABLE_NS_ASSERTIONS = NO;
				ENABLE_STRICT_OBJC_MSGSEND = YES;
				ENABLE_USER_SCRIPT_SANDBOXING = YES;
				GCC_C_LANGUAGE_STANDARD = gnu17;
				GCC_NO_COMMON_BLOCKS = YES;
				GCC_WARN_64_TO_32_BIT_CONVERSION = YES;
				GCC_WARN_ABOUT_RETURN_TYPE = YES_ERROR;
				GCC_WARN_UNDECLARED_SELECTOR = YES;
				GCC_WARN_UNINITIALIZED_AUTOS = YES_AGGRESSIVE;
				GCC_WARN_UNUSED_FUNCTION = YES;
				GCC_WARN_UNUSED_VARIABLE = YES;
				IPHONEOS_DEPLOYMENT_TARGET = 17.0;
				LOCALIZATION_PREFERS_STRING_CATALOGS = YES;
				MTL_ENABLE_DEBUG_INFO = NO;
				MTL_FAST_MATH = YES;
				SDKROOT = iphoneos;
				SWIFT_COMPILATION_MODE = wholemodule;
				VALIDATE_PRODUCT = YES;
			};
			name = Release;
		};
		EB3D4EB92AE031C40091FB37 /* Debug */ = {
			isa = XCBuildConfiguration;
			buildSettings = {
				ASSETCATALOG_COMPILER_APPICON_NAME = AppIcon;
				ASSETCATALOG_COMPILER_GLOBAL_ACCENT_COLOR_NAME = AccentColor;
				CODE_SIGN_STYLE = Automatic;
				CURRENT_PROJECT_VERSION = 1;
				DEVELOPMENT_ASSET_PATHS = "\"SwiftUIContinuedLearning/Preview Content\"";
				DEVELOPMENT_TEAM = 8VZXPVXH33;
				ENABLE_PREVIEWS = YES;
				GENERATE_INFOPLIST_FILE = YES;
				INFOPLIST_KEY_UIApplicationSceneManifest_Generation = YES;
				INFOPLIST_KEY_UIApplicationSupportsIndirectInputEvents = YES;
				INFOPLIST_KEY_UILaunchScreen_Generation = YES;
				INFOPLIST_KEY_UISupportedInterfaceOrientations_iPad = "UIInterfaceOrientationPortrait UIInterfaceOrientationPortraitUpsideDown UIInterfaceOrientationLandscapeLeft UIInterfaceOrientationLandscapeRight";
				INFOPLIST_KEY_UISupportedInterfaceOrientations_iPhone = "UIInterfaceOrientationPortrait UIInterfaceOrientationLandscapeLeft UIInterfaceOrientationLandscapeRight";
				LD_RUNPATH_SEARCH_PATHS = (
					"$(inherited)",
					"@executable_path/Frameworks",
				);
				MARKETING_VERSION = 1.0;
				PRODUCT_BUNDLE_IDENTIFIER = com.matflow.SwiftUIContinuedLearning;
				PRODUCT_NAME = "$(TARGET_NAME)";
				SWIFT_EMIT_LOC_STRINGS = YES;
				SWIFT_VERSION = 5.0;
				TARGETED_DEVICE_FAMILY = "1,2";
			};
			name = Debug;
		};
		EB3D4EBA2AE031C40091FB37 /* Release */ = {
			isa = XCBuildConfiguration;
			buildSettings = {
				ASSETCATALOG_COMPILER_APPICON_NAME = AppIcon;
				ASSETCATALOG_COMPILER_GLOBAL_ACCENT_COLOR_NAME = AccentColor;
				CODE_SIGN_STYLE = Automatic;
				CURRENT_PROJECT_VERSION = 1;
				DEVELOPMENT_ASSET_PATHS = "\"SwiftUIContinuedLearning/Preview Content\"";
				DEVELOPMENT_TEAM = 8VZXPVXH33;
				ENABLE_PREVIEWS = YES;
				GENERATE_INFOPLIST_FILE = YES;
				INFOPLIST_KEY_UIApplicationSceneManifest_Generation = YES;
				INFOPLIST_KEY_UIApplicationSupportsIndirectInputEvents = YES;
				INFOPLIST_KEY_UILaunchScreen_Generation = YES;
				INFOPLIST_KEY_UISupportedInterfaceOrientations_iPad = "UIInterfaceOrientationPortrait UIInterfaceOrientationPortraitUpsideDown UIInterfaceOrientationLandscapeLeft UIInterfaceOrientationLandscapeRight";
				INFOPLIST_KEY_UISupportedInterfaceOrientations_iPhone = "UIInterfaceOrientationPortrait UIInterfaceOrientationLandscapeLeft UIInterfaceOrientationLandscapeRight";
				LD_RUNPATH_SEARCH_PATHS = (
					"$(inherited)",
					"@executable_path/Frameworks",
				);
				MARKETING_VERSION = 1.0;
				PRODUCT_BUNDLE_IDENTIFIER = com.matflow.SwiftUIContinuedLearning;
				PRODUCT_NAME = "$(TARGET_NAME)";
				SWIFT_EMIT_LOC_STRINGS = YES;
				SWIFT_VERSION = 5.0;
				TARGETED_DEVICE_FAMILY = "1,2";
			};
			name = Release;
		};
/* End XCBuildConfiguration section */

/* Begin XCConfigurationList section */
		EB3D4EA52AE031C30091FB37 /* Build configuration list for PBXProject "SwiftUIContinuedLearning" */ = {
			isa = XCConfigurationList;
			buildConfigurations = (
				EB3D4EB62AE031C40091FB37 /* Debug */,
				EB3D4EB72AE031C40091FB37 /* Release */,
			);
			defaultConfigurationIsVisible = 0;
			defaultConfigurationName = Release;
		};
		EB3D4EB82AE031C40091FB37 /* Build configuration list for PBXNativeTarget "SwiftUIContinuedLearning" */ = {
			isa = XCConfigurationList;
			buildConfigurations = (
				EB3D4EB92AE031C40091FB37 /* Debug */,
				EB3D4EBA2AE031C40091FB37 /* Release */,
			);
			defaultConfigurationIsVisible = 0;
			defaultConfigurationName = Release;
		};
/* End XCConfigurationList section */

/* Begin XCVersionGroup section */
		EB15531D2AE5BAE600D2ADBA /* CoreDataContainer.xcdatamodeld */ = {
			isa = XCVersionGroup;
			children = (
				EB15531E2AE5BAE600D2ADBA /* CoreDataContainer.xcdatamodel */,
			);
			currentVersion = EB15531E2AE5BAE600D2ADBA /* CoreDataContainer.xcdatamodel */;
			path = CoreDataContainer.xcdatamodeld;
			sourceTree = "<group>";
			versionGroupType = wrapper.xcdatamodel;
		};
		EB22F2E72AE568D700B48A9E /* FruitsContainer.xcdatamodeld */ = {
			isa = XCVersionGroup;
			children = (
				EB22F2E82AE568D700B48A9E /* FruitsContainer.xcdatamodel */,
			);
			currentVersion = EB22F2E82AE568D700B48A9E /* FruitsContainer.xcdatamodel */;
			path = FruitsContainer.xcdatamodeld;
			sourceTree = "<group>";
			versionGroupType = wrapper.xcdatamodel;
		};
/* End XCVersionGroup section */
	};
	rootObject = EB3D4EA22AE031C30091FB37 /* Project object */;
}
